// !$*UTF8*$!
{
	archiveVersion = 1;
	classes = {
	};
	objectVersion = 46;
	objects = {

/* Begin PBXBuildFile section */
		B058602E1E31F1DA003B7320 /* main.m in Sources */ = {isa = PBXBuildFile; fileRef = B058602D1E31F1DA003B7320 /* main.m */; };
		B05860361E31F5DA003B7320 /* Person.m in Sources */ = {isa = PBXBuildFile; fileRef = B05860351E31F5DA003B7320 /* Person.m */; };
		B05860391E31F5E6003B7320 /* Bank.m in Sources */ = {isa = PBXBuildFile; fileRef = B05860381E31F5E6003B7320 /* Bank.m */; };
		B058603C1E31F5FB003B7320 /* Man.m in Sources */ = {isa = PBXBuildFile; fileRef = B058603B1E31F5FB003B7320 /* Man.m */; };
		B058603F1E31F608003B7320 /* Woman.m in Sources */ = {isa = PBXBuildFile; fileRef = B058603E1E31F608003B7320 /* Woman.m */; };
/* End PBXBuildFile section */

/* Begin PBXCopyFilesBuildPhase section */
		B05860281E31F1D9003B7320 /* CopyFiles */ = {
			isa = PBXCopyFilesBuildPhase;
			buildActionMask = 2147483647;
			dstPath = /usr/share/man/man1/;
			dstSubfolderSpec = 0;
			files = (
			);
			runOnlyForDeploymentPostprocessing = 1;
		};
/* End PBXCopyFilesBuildPhase section */

/* Begin PBXFileReference section */
		B058602A1E31F1DA003B7320 /* Day-5 */ = {isa = PBXFileReference; explicitFileType = "compiled.mach-o.executable"; includeInIndex = 0; path = "Day-5"; sourceTree = BUILT_PRODUCTS_DIR; };
		B058602D1E31F1DA003B7320 /* main.m */ = {isa = PBXFileReference; lastKnownFileType = sourcecode.c.objc; path = main.m; sourceTree = "<group>"; };
		B05860341E31F5DA003B7320 /* Person.h */ = {isa = PBXFileReference; fileEncoding = 4; lastKnownFileType = sourcecode.c.h; path = Person.h; sourceTree = "<group>"; };
		B05860351E31F5DA003B7320 /* Person.m */ = {isa = PBXFileReference; fileEncoding = 4; lastKnownFileType = sourcecode.c.objc; path = Person.m; sourceTree = "<group>"; };
		B05860371E31F5E6003B7320 /* Bank.h */ = {isa = PBXFileReference; fileEncoding = 4; lastKnownFileType = sourcecode.c.h; path = Bank.h; sourceTree = "<group>"; };
		B05860381E31F5E6003B7320 /* Bank.m */ = {isa = PBXFileReference; fileEncoding = 4; lastKnownFileType = sourcecode.c.objc; path = Bank.m; sourceTree = "<group>"; };
		B058603A1E31F5FB003B7320 /* Man.h */ = {isa = PBXFileReference; fileEncoding = 4; lastKnownFileType = sourcecode.c.h; path = Man.h; sourceTree = "<group>"; };
		B058603B1E31F5FB003B7320 /* Man.m */ = {isa = PBXFileReference; fileEncoding = 4; lastKnownFileType = sourcecode.c.objc; path = Man.m; sourceTree = "<group>"; };
		B058603D1E31F608003B7320 /* Woman.h */ = {isa = PBXFileReference; fileEncoding = 4; lastKnownFileType = sourcecode.c.h; path = Woman.h; sourceTree = "<group>"; };
		B058603E1E31F608003B7320 /* Woman.m */ = {isa = PBXFileReference; fileEncoding = 4; lastKnownFileType = sourcecode.c.objc; path = Woman.m; sourceTree = "<group>"; };
/* End PBXFileReference section */

/* Begin PBXFrameworksBuildPhase section */
		B05860271E31F1D9003B7320 /* Frameworks */ = {
			isa = PBXFrameworksBuildPhase;
			buildActionMask = 2147483647;
			files = (
			);
			runOnlyForDeploymentPostprocessing = 0;
		};
/* End PBXFrameworksBuildPhase section */

/* Begin PBXGroup section */
		B05860211E31F1D9003B7320 = {
			isa = PBXGroup;
			children = (
				B058602C1E31F1DA003B7320 /* Day-5 */,
				B058602B1E31F1DA003B7320 /* Products */,
			);
			sourceTree = "<group>";
		};
		B058602B1E31F1DA003B7320 /* Products */ = {
			isa = PBXGroup;
			children = (
				B058602A1E31F1DA003B7320 /* Day-5 */,
			);
			name = Products;
			sourceTree = "<group>";
		};
		B058602C1E31F1DA003B7320 /* Day-5 */ = {
			isa = PBXGroup;
			children = (
				B058602D1E31F1DA003B7320 /* main.m */,
				B05860341E31F5DA003B7320 /* Person.h */,
				B05860351E31F5DA003B7320 /* Person.m */,
				B05860371E31F5E6003B7320 /* Bank.h */,
				B05860381E31F5E6003B7320 /* Bank.m */,
				B058603A1E31F5FB003B7320 /* Man.h */,
				B058603B1E31F5FB003B7320 /* Man.m */,
				B058603D1E31F608003B7320 /* Woman.h */,
				B058603E1E31F608003B7320 /* Woman.m */,
			);
			path = "Day-5";
			sourceTree = "<group>";
		};
/* End PBXGroup section */

/* Begin PBXNativeTarget section */
		B05860291E31F1D9003B7320 /* Day-5 */ = {
			isa = PBXNativeTarget;
			buildConfigurationList = B05860311E31F1DA003B7320 /* Build configuration list for PBXNativeTarget "Day-5" */;
			buildPhases = (
				B05860261E31F1D9003B7320 /* Sources */,
				B05860271E31F1D9003B7320 /* Frameworks */,
				B05860281E31F1D9003B7320 /* CopyFiles */,
			);
			buildRules = (
			);
			dependencies = (
			);
			name = "Day-5";
			productName = "Day-5";
			productReference = B058602A1E31F1DA003B7320 /* Day-5 */;
			productType = "com.apple.product-type.tool";
		};
/* End PBXNativeTarget section */

/* Begin PBXProject section */
		B05860221E31F1D9003B7320 /* Project object */ = {
			isa = PBXProject;
			attributes = {
				LastUpgradeCheck = 0820;
				ORGANIZATIONNAME = "Sungwoo Kang";
				TargetAttributes = {
					B05860291E31F1D9003B7320 = {
						CreatedOnToolsVersion = 8.2.1;
						DevelopmentTeam = 9DCWQRW26K;
						ProvisioningStyle = Automatic;
					};
				};
			};
			buildConfigurationList = B05860251E31F1D9003B7320 /* Build configuration list for PBXProject "Day-5" */;
			compatibilityVersion = "Xcode 3.2";
			developmentRegion = English;
			hasScannedForEncodings = 0;
			knownRegions = (
				en,
			);
			mainGroup = B05860211E31F1D9003B7320;
			productRefGroup = B058602B1E31F1DA003B7320 /* Products */;
			projectDirPath = "";
			projectRoot = "";
			targets = (
				B05860291E31F1D9003B7320 /* Day-5 */,
			);
		};
/* End PBXProject section */

/* Begin PBXSourcesBuildPhase section */
		B05860261E31F1D9003B7320 /* Sources */ = {
			isa = PBXSourcesBuildPhase;
			buildActionMask = 2147483647;
			files = (
				B058603C1E31F5FB003B7320 /* Man.m in Sources */,
				B05860361E31F5DA003B7320 /* Person.m in Sources */,
				B058602E1E31F1DA003B7320 /* main.m in Sources */,
				B05860391E31F5E6003B7320 /* Bank.m in Sources */,
				B058603F1E31F608003B7320 /* Woman.m in Sources */,
			);
			runOnlyForDeploymentPostprocessing = 0;
		};
/* End PBXSourcesBuildPhase section */

/* Begin XCBuildConfiguration section */
		B058602F1E31F1DA003B7320 /* Debug */ = {
			isa = XCBuildConfiguration;
			buildSettings = {
				ALWAYS_SEARCH_USER_PATHS = NO;
				CLANG_ANALYZER_NONNULL = YES;
				CLANG_CXX_LANGUAGE_STANDARD = "gnu++0x";
				CLANG_CXX_LIBRARY = "libc++";
				CLANG_ENABLE_MODULES = YES;
				CLANG_ENABLE_OBJC_ARC = YES;
				CLANG_WARN_BOOL_CONVERSION = YES;
				CLANG_WARN_CONSTANT_CONVERSION = YES;
				CLANG_WARN_DIRECT_OBJC_ISA_USAGE = YES_ERROR;
				CLANG_WARN_DOCUMENTATION_COMMENTS = YES;
				CLANG_WARN_EMPTY_BODY = YES;
				CLANG_WARN_ENUM_CONVERSION = YES;
				CLANG_WARN_INFINITE_RECURSION = YES;
				CLANG_WARN_INT_CONVERSION = YES;
				CLANG_WARN_OBJC_ROOT_CLASS = YES_ERROR;
				CLANG_WARN_SUSPICIOUS_MOVE = YES;
				CLANG_WARN_UNREACHABLE_CODE = YES;
				CLANG_WARN__DUPLICATE_METHOD_MATCH = YES;
				CODE_SIGN_IDENTITY = "-";
				COPY_PHASE_STRIP = NO;
				DEBUG_INFORMATION_FORMAT = dwarf;
				ENABLE_STRICT_OBJC_MSGSEND = YES;
				ENABLE_TESTABILITY = YES;
				GCC_C_LANGUAGE_STANDARD = gnu99;
				GCC_DYNAMIC_NO_PIC = NO;
				GCC_NO_COMMON_BLOCKS = YES;
				GCC_OPTIMIZATION_LEVEL = 0;
				GCC_PREPROCESSOR_DEFINITIONS = (
					"DEBUG=1",
					"$(inherited)",
				);
				GCC_WARN_64_TO_32_BIT_CONVERSION = YES;
				GCC_WARN_ABOUT_RETURN_TYPE = YES_ERROR;
				GCC_WARN_UNDECLARED_SELECTOR = YES;
				GCC_WARN_UNINITIALIZED_AUTOS = YES_AGGRESSIVE;
				GCC_WARN_UNUSED_FUNCTION = YES;
				GCC_WARN_UNUSED_VARIABLE = YES;
				MACOSX_DEPLOYMENT_TARGET = 10.12;
				MTL_ENABLE_DEBUG_INFO = YES;
				ONLY_ACTIVE_ARCH = YES;
				SDKROOT = macosx;
			};
			name = Debug;
		};
		B05860301E31F1DA003B7320 /* Release */ = {
			isa = XCBuildConfiguration;
			buildSettings = {
				ALWAYS_SEARCH_USER_PATHS = NO;
				CLANG_ANALYZER_NONNULL = YES;
				CLANG_CXX_LANGUAGE_STANDARD = "gnu++0x";
				CLANG_CXX_LIBRARY = "libc++";
				CLANG_ENABLE_MODULES = YES;
				CLANG_ENABLE_OBJC_ARC = YES;
				CLANG_WARN_BOOL_CONVERSION = YES;
				CLANG_WARN_CONSTANT_CONVERSION = YES;
				CLANG_WARN_DIRECT_OBJC_ISA_USAGE = YES_ERROR;
				CLANG_WARN_DOCUMENTATION_COMMENTS = YES;
				CLANG_WARN_EMPTY_BODY = YES;
				CLANG_WARN_ENUM_CONVERSION = YES;
				CLANG_WARN_INFINITE_RECURSION = YES;
				CLANG_WARN_INT_CONVERSION = YES;
				CLANG_WARN_OBJC_ROOT_CLASS = YES_ERROR;
				CLANG_WARN_SUSPICIOUS_MOVE = YES;
				CLANG_WARN_UNREACHABLE_CODE = YES;
				CLANG_WARN__DUPLICATE_METHOD_MATCH = YES;
				CODE_SIGN_IDENTITY = "-";
				COPY_PHASE_STRIP = NO;
				DEBUG_INFORMATION_FORMAT = "dwarf-with-dsym";
				ENABLE_NS_ASSERTIONS = NO;
				ENABLE_STRICT_OBJC_MSGSEND = YES;
				GCC_C_LANGUAGE_STANDARD = gnu99;
				GCC_NO_COMMON_BLOCKS = YES;
				GCC_WARN_64_TO_32_BIT_CONVERSION = YES;
				GCC_WARN_ABOUT_RETURN_TYPE = YES_ERROR;
				GCC_WARN_UNDECLARED_SELECTOR = YES;
				GCC_WARN_UNINITIALIZED_AUTOS = YES_AGGRESSIVE;
				GCC_WARN_UNUSED_FUNCTION = YES;
				GCC_WARN_UNUSED_VARIABLE = YES;
				MACOSX_DEPLOYMENT_TARGET = 10.12;
				MTL_ENABLE_DEBUG_INFO = NO;
				SDKROOT = macosx;
			};
			name = Release;
		};
		B05860321E31F1DA003B7320 /* Debug */ = {
			isa = XCBuildConfiguration;
			buildSettings = {
				DEVELOPMENT_TEAM = 9DCWQRW26K;
				PRODUCT_NAME = "$(TARGET_NAME)";
			};
			name = Debug;
		};
		B05860331E31F1DA003B7320 /* Release */ = {
			isa = XCBuildConfiguration;
			buildSettings = {
				DEVELOPMENT_TEAM = 9DCWQRW26K;
				PRODUCT_NAME = "$(TARGET_NAME)";
			};
			name = Release;
		};
/* End XCBuildConfiguration section */

/* Begin XCConfigurationList section */
		B05860251E31F1D9003B7320 /* Build configuration list for PBXProject "Day-5" */ = {
			isa = XCConfigurationList;
			buildConfigurations = (
				B058602F1E31F1DA003B7320 /* Debug */,
				B05860301E31F1DA003B7320 /* Release */,
			);
			defaultConfigurationIsVisible = 0;
			defaultConfigurationName = Release;
		};
		B05860311E31F1DA003B7320 /* Build configuration list for PBXNativeTarget "Day-5" */ = {
			isa = XCConfigurationList;
			buildConfigurations = (
				B05860321E31F1DA003B7320 /* Debug */,
				B05860331E31F1DA003B7320 /* Release */,
			);
			defaultConfigurationIsVisible = 0;
		};
/* End XCConfigurationList section */
	};
	rootObject = B05860221E31F1D9003B7320 /* Project object */;
}
